<?xml version="1.0" encoding="UTF-8" standalone="yes" ?>
<CodeBlocks_project_file>
	<FileVersion major="1" minor="6" />
	<Project>
		<Option title="engine" />
		<Option pch_mode="2" />
		<Option compiler="gcc" />
		<Build>
			<Target title="Debug">
				<Option output="bin/Debug/engine" prefix_auto="1" extension_auto="1" />
				<Option object_output="obj/Debug/" />
				<Option type="3" />
				<Option compiler="gcc" />
				<Option createDefFile="1" />
				<Option createStaticLib="1" />
				<Compiler>
					<Add option="-pedantic" />
					<Add option="-Wall" />
					<Add option="-g" />
					<Add directory="glm" />
				</Compiler>
				<Linker>
					<Add library="GL" />
					<Add library="glut" />
					<Add library="freeimage" />
				</Linker>
			</Target>
			<Target title="Release">
				<Option output="bin/Release/engine" prefix_auto="1" extension_auto="1" />
				<Option object_output="obj/Release/" />
				<Option type="3" />
				<Option compiler="gcc" />
				<Option createDefFile="1" />
				<Option createStaticLib="1" />
				<Compiler>
					<Add option="-O2" />
				</Compiler>
				<Linker>
					<Add option="-s" />
				</Linker>
			</Target>
		</Build>
		<Compiler>
			<Add option="-std=c++11" />
			<Add option="-Wall" />
			<Add option="-fexceptions" />
			<Add option="-fPIC" />
		</Compiler>
		<Unit filename="camera.cpp" />
		<Unit filename="camera.hpp" />
		<Unit filename="common.hpp" />
		<Unit filename="cube.cpp" />
		<Unit filename="cube.hpp" />
		<Unit filename="directional_light.cpp" />
		<Unit filename="directional_light.hpp" />
		<Unit filename="light.cpp" />
		<Unit filename="light.hpp" />
		<Unit filename="material.cpp" />
		<Unit filename="material.hpp" />
		<Unit filename="mesh.cpp" />
		<Unit filename="mesh.hpp" />
		<Unit filename="my_engine.cpp" />
		<Unit filename="my_engine.hpp" />
		<Unit filename="node.cpp" />
		<Unit filename="node.hpp" />
		<Unit filename="object.cpp" />
		<Unit filename="object.hpp" />
		<Unit filename="ortho_camera.cpp" />
		<Unit filename="ortho_camera.hpp" />
		<Unit filename="ovo_parser.cpp" />
		<Unit filename="ovo_parser.hpp" />
		<Unit filename="perspective_camera.cpp" />
		<Unit filename="perspective_camera.hpp" />
		<Unit filename="point_light.cpp" />
		<Unit filename="point_light.hpp" />
		<Unit filename="sphere.cpp" />
		<Unit filename="sphere.hpp" />
		<Unit filename="spot_light.cpp" />
		<Unit filename="spot_light.hpp" />
		<Unit filename="texture.cpp" />
		<Unit filename="texture.hpp" />
		<Extensions />
	</Project>
</CodeBlocks_project_file>
